
Microsoft Visual Studio Solution File, Format Version 12.00
# Visual Studio Version 17
VisualStudioVersion = 17.2.32616.157
MinimumVisualStudioVersion = 10.0.40219.1
Project("{FAE04EC0-301F-11D3-BF4B-00C04F79EFBC}") = "PL0-CS", "PL0-CS\PL0-CS.csproj", "{7B694C92-5C31-405D-AF5F-A033075F897F}"
EndProject
Global
	GlobalSection(SolutionConfigurationPlatforms) = preSolution
		Debug|Any CPU = Debug|Any CPU
		Release|Any CPU = Release|Any CPU
	EndGlobalSection
	GlobalSection(ProjectConfigurationPlatforms) = postSolution
		{7B694C92-5C31-405D-AF5F-A033075F897F}.Debug|Any CPU.ActiveCfg = Debug|Any CPU
		{7B694C92-5C31-405D-AF5F-A033075F897F}.Debug|Any CPU.Build.0 = Debug|Any CPU
		{7B694C92-5C31-405D-AF5F-A033075F897F}.Release|Any CPU.ActiveCfg = Release|Any CPU
		{7B694C92-5C31-405D-AF5F-A033075F897F}.Release|Any CPU.Build.0 = Release|Any CPU
	EndGlobalSection
	GlobalSection(SolutionProperties) = preSolution
		HideSolutionNode = FALSE
	EndGlobalSection
	GlobalSection(ExtensibilityGlobals) = postSolution
		SolutionGuid = {2D09D810-A042-4679-B4B5-BE55C9840011}
	EndGlobalSection
EndGlobal
